
Microsoft Visual Studio Solution File, Format Version 12.00
# Visual Studio Version 17
VisualStudioVersion = 17.2.32630.192
MinimumVisualStudioVersion = 10.0.40219.1
Project("{9A19103F-16F7-4668-BE54-9A1E7A4F7556}") = "hello-location", "hello-location.csproj", "{6BCFE32C-2EF6-485D-A238-E164746CB7BC}"
EndProject
Global
	GlobalSection(SolutionConfigurationPlatforms) = preSolution
		Debug|Any CPU = Debug|Any CPU
		Release|Any CPU = Release|Any CPU
	EndGlobalSection
	GlobalSection(ProjectConfigurationPlatforms) = postSolution
		{6BCFE32C-2EF6-485D-A238-E164746CB7BC}.Debug|Any CPU.ActiveCfg = Debug|Any CPU
		{6BCFE32C-2EF6-485D-A238-E164746CB7BC}.Debug|Any CPU.Build.0 = Debug|Any CPU
		{6BCFE32C-2EF6-485D-A238-E164746CB7BC}.Release|Any CPU.ActiveCfg = Release|Any CPU
		{6BCFE32C-2EF6-485D-A238-E164746CB7BC}.Release|Any CPU.Build.0 = Release|Any CPU
	EndGlobalSection
	GlobalSection(SolutionProperties) = preSolution
		HideSolutionNode = FALSE
	EndGlobalSection
	GlobalSection(ExtensibilityGlobals) = postSolution
		SolutionGuid = {D47D53C9-5F78-49B0-B1D4-B8F97E9B3BCF}
	EndGlobalSection
EndGlobal
